
Microsoft Visual Studio Solution File, Format Version 12.00
# Visual Studio 15
VisualStudioVersion = 15.0.28307.1684
MinimumVisualStudioVersion = 10.0.40219.1
Project("{9A19103F-16F7-4668-BE54-9A1E7A4F7556}") = "Henta1Inc", "Henta1Inc.csproj", "{570ED239-D3D1-496F-BC56-F10C3C105C41}"
EndProject
Global
	GlobalSection(SolutionConfigurationPlatforms) = preSolution
		Debug|Any CPU = Debug|Any CPU
		Release|Any CPU = Release|Any CPU
	EndGlobalSection
	GlobalSection(ProjectConfigurationPlatforms) = postSolution
		{570ED239-D3D1-496F-BC56-F10C3C105C41}.Debug|Any CPU.ActiveCfg = Debug|Any CPU
		{570ED239-D3D1-496F-BC56-F10C3C105C41}.Debug|Any CPU.Build.0 = Debug|Any CPU
		{570ED239-D3D1-496F-BC56-F10C3C105C41}.Release|Any CPU.ActiveCfg = Release|Any CPU
		{570ED239-D3D1-496F-BC56-F10C3C105C41}.Release|Any CPU.Build.0 = Release|Any CPU
	EndGlobalSection
	GlobalSection(SolutionProperties) = preSolution
		HideSolutionNode = FALSE
	EndGlobalSection
	GlobalSection(ExtensibilityGlobals) = postSolution
		SolutionGuid = {732B37BD-E28F-4985-B74D-485FCADB20AE}
	EndGlobalSection
EndGlobal
